
Microsoft Visual Studio Solution File, Format Version 12.00
# Visual Studio Version 16
VisualStudioVersion = 16.0.31613.86
MinimumVisualStudioVersion = 10.0.40219.1
Project("{FAE04EC0-301F-11D3-BF4B-00C04F79EFBC}") = "BenchmarkTesting", "BenchmarkTesting\BenchmarkTesting.csproj", "{CDAC4D05-E8F1-441E-91A5-008DA3B169EF}"
EndProject
Global
	GlobalSection(SolutionConfigurationPlatforms) = preSolution
		Debug|Any CPU = Debug|Any CPU
		Release|Any CPU = Release|Any CPU
	EndGlobalSection
	GlobalSection(ProjectConfigurationPlatforms) = postSolution
		{CDAC4D05-E8F1-441E-91A5-008DA3B169EF}.Debug|Any CPU.ActiveCfg = Debug|Any CPU
		{CDAC4D05-E8F1-441E-91A5-008DA3B169EF}.Debug|Any CPU.Build.0 = Debug|Any CPU
		{CDAC4D05-E8F1-441E-91A5-008DA3B169EF}.Release|Any CPU.ActiveCfg = Release|Any CPU
		{CDAC4D05-E8F1-441E-91A5-008DA3B169EF}.Release|Any CPU.Build.0 = Release|Any CPU
	EndGlobalSection
	GlobalSection(SolutionProperties) = preSolution
		HideSolutionNode = FALSE
	EndGlobalSection
	GlobalSection(ExtensibilityGlobals) = postSolution
		SolutionGuid = {A25F2CA4-5D41-454F-A3C5-9684472B0B0E}
	EndGlobalSection
EndGlobal
